<?xml version="1.0" encoding="utf-8"?>
<Project ToolsVersion="4.0" xmlns="http://schemas.microsoft.com/developer/msbuild/2003">
  <ItemGroup>
    <Filter Include="Sengine">
      <UniqueIdentifier>{2E277BEC-9A06-FA87-A31E-855E0F7D60E9}</UniqueIdentifier>
    </Filter>
    <Filter Include="Sengine\Events">
      <UniqueIdentifier>{5233D3FA-3E01-C700-2795-37271302A365}</UniqueIdentifier>
    </Filter>
  </ItemGroup>
  <ItemGroup>
    <ClInclude Include="src\Sengine.h" />
    <ClInclude Include="src\Sengine\Application.h">
      <Filter>Sengine</Filter>
    </ClInclude>
    <ClInclude Include="src\Sengine\Core.h">
      <Filter>Sengine</Filter>
    </ClInclude>
    <ClInclude Include="src\Sengine\EntryPoint.h">
      <Filter>Sengine</Filter>
    </ClInclude>
    <ClInclude Include="src\Sengine\Events\ApplicationEvent.h">
      <Filter>Sengine\Events</Filter>
    </ClInclude>
    <ClInclude Include="src\Sengine\Events\Event.h">
      <Filter>Sengine\Events</Filter>
    </ClInclude>
    <ClInclude Include="src\Sengine\Events\KeyEvent.h">
      <Filter>Sengine\Events</Filter>
    </ClInclude>
    <ClInclude Include="src\Sengine\Events\MouseEvent.h">
      <Filter>Sengine\Events</Filter>
    </ClInclude>
    <ClInclude Include="src\Sengine\Log.h">
      <Filter>Sengine</Filter>
    </ClInclude>
  </ItemGroup>
  <ItemGroup>
    <ClCompile Include="src\Sengine\Application.cpp">
      <Filter>Sengine</Filter>
    </ClCompile>
    <ClCompile Include="src\Sengine\Log.cpp">
      <Filter>Sengine</Filter>
    </ClCompile>
  </ItemGroup>
</Project>