<?xml version="1.0" encoding="utf-8"?>
<Project ToolsVersion="4.0" xmlns="http://schemas.microsoft.com/developer/msbuild/2003">
  <ItemGroup>
    <Filter Include="Platform">
      <UniqueIdentifier>{2AC788B4-1694-E3BF-3FAD-D1672BD9184E}</UniqueIdentifier>
    </Filter>
    <Filter Include="Platform\Windows">
      <UniqueIdentifier>{64FBD71A-50F4-F66C-7926-DCF1657ED678}</UniqueIdentifier>
    </Filter>
    <Filter Include="Sengine">
      <UniqueIdentifier>{2E277BEC-9A06-FA87-A31E-855E0F7D60E9}</UniqueIdentifier>
    </Filter>
    <Filter Include="Sengine\Events">
      <UniqueIdentifier>{5233D3FA-3E01-C700-2795-37271302A365}</UniqueIdentifier>
    </Filter>
  </ItemGroup>
  <ItemGroup>
    <ClInclude Include="src\Platform\Windows\WindowsWindow.h">
      <Filter>Platform\Windows</Filter>
    </ClInclude>
    <ClInclude Include="src\Sengine.h" />
    <ClInclude Include="src\Sengine\Application.h">
      <Filter>Sengine</Filter>
    </ClInclude>
    <ClInclude Include="src\Sengine\Core.h">
      <Filter>Sengine</Filter>
    </ClInclude>
    <ClInclude Include="src\Sengine\EntryPoint.h">
      <Filter>Sengine</Filter>
    </ClInclude>
    <ClInclude Include="src\Sengine\Events\ApplicationEvent.h">
      <Filter>Sengine\Events</Filter>
    </ClInclude>
    <ClInclude Include="src\Sengine\Events\Event.h">
      <Filter>Sengine\Events</Filter>
    </ClInclude>
    <ClInclude Include="src\Sengine\Events\KeyEvent.h">
      <Filter>Sengine\Events</Filter>
    </ClInclude>
    <ClInclude Include="src\Sengine\Events\MouseEvent.h">
      <Filter>Sengine\Events</Filter>
    </ClInclude>
    <ClInclude Include="src\Sengine\Log.h">
      <Filter>Sengine</Filter>
    </ClInclude>
    <ClInclude Include="src\Sengine\Window.h">
      <Filter>Sengine</Filter>
    </ClInclude>
    <ClInclude Include="src\sepch.h" />
    <ClInclude Include="src\Sengine\Layer.h" />
    <ClInclude Include="src\Sengine\LayerStack.h" />
  </ItemGroup>
  <ItemGroup>
    <ClCompile Include="src\Platform\Windows\WindowsWindow.cpp">
      <Filter>Platform\Windows</Filter>
    </ClCompile>
    <ClCompile Include="src\Sengine\Application.cpp">
      <Filter>Sengine</Filter>
    </ClCompile>
    <ClCompile Include="src\Sengine\Log.cpp">
      <Filter>Sengine</Filter>
    </ClCompile>
    <ClCompile Include="src\sepch.cpp" />
    <ClCompile Include="src\Sengine\Layer.cpp" />
    <ClCompile Include="src\Sengine\LayerStack.cpp" />
  </ItemGroup>
</Project>